
Microsoft Visual Studio Solution File, Format Version 12.00
# Visual Studio 15
VisualStudioVersion = 15.0.27428.2005
MinimumVisualStudioVersion = 10.0.40219.1
Project("{FAE04EC0-301F-11D3-BF4B-00C04F79EFBC}") = "Demo", "Demo\Demo.csproj", "{CDF64F4B-4FBF-4EBF-AD82-BEDE681DA7F1}"
EndProject
Project("{FAE04EC0-301F-11D3-BF4B-00C04F79EFBC}") = "CodingHelmet.Randomization", "CodingHelmet.Randomization\CodingHelmet.Randomization.csproj", "{E63C8EFC-10AC-4C3D-83B6-AE3C63CC116D}"
EndProject
Global
	GlobalSection(SolutionConfigurationPlatforms) = preSolution
		Debug|Any CPU = Debug|Any CPU
		Release|Any CPU = Release|Any CPU
	EndGlobalSection
	GlobalSection(ProjectConfigurationPlatforms) = postSolution
		{CDF64F4B-4FBF-4EBF-AD82-BEDE681DA7F1}.Debug|Any CPU.ActiveCfg = Debug|Any CPU
		{CDF64F4B-4FBF-4EBF-AD82-BEDE681DA7F1}.Debug|Any CPU.Build.0 = Debug|Any CPU
		{CDF64F4B-4FBF-4EBF-AD82-BEDE681DA7F1}.Release|Any CPU.ActiveCfg = Release|Any CPU
		{CDF64F4B-4FBF-4EBF-AD82-BEDE681DA7F1}.Release|Any CPU.Build.0 = Release|Any CPU
		{E63C8EFC-10AC-4C3D-83B6-AE3C63CC116D}.Debug|Any CPU.ActiveCfg = Debug|Any CPU
		{E63C8EFC-10AC-4C3D-83B6-AE3C63CC116D}.Debug|Any CPU.Build.0 = Debug|Any CPU
		{E63C8EFC-10AC-4C3D-83B6-AE3C63CC116D}.Release|Any CPU.ActiveCfg = Release|Any CPU
		{E63C8EFC-10AC-4C3D-83B6-AE3C63CC116D}.Release|Any CPU.Build.0 = Release|Any CPU
	EndGlobalSection
	GlobalSection(SolutionProperties) = preSolution
		HideSolutionNode = FALSE
	EndGlobalSection
	GlobalSection(ExtensibilityGlobals) = postSolution
		SolutionGuid = {504E2584-FC7E-45F9-AB3C-CD5E185D4D6A}
	EndGlobalSection
EndGlobal
